
Microsoft Visual Studio Solution File, Format Version 12.00
# Visual Studio Version 17
VisualStudioVersion = 17.2.32630.192
MinimumVisualStudioVersion = 10.0.40219.1
Project("{9A19103F-16F7-4668-BE54-9A1E7A4F7556}") = "R5T.F0045", "R5T.F0045\R5T.F0045.csproj", "{4508751E-D235-4E67-B234-4147F9073912}"
EndProject
Global
	GlobalSection(SolutionConfigurationPlatforms) = preSolution
		Debug|Any CPU = Debug|Any CPU
		Release|Any CPU = Release|Any CPU
	EndGlobalSection
	GlobalSection(ProjectConfigurationPlatforms) = postSolution
		{4508751E-D235-4E67-B234-4147F9073912}.Debug|Any CPU.ActiveCfg = Debug|Any CPU
		{4508751E-D235-4E67-B234-4147F9073912}.Debug|Any CPU.Build.0 = Debug|Any CPU
		{4508751E-D235-4E67-B234-4147F9073912}.Release|Any CPU.ActiveCfg = Release|Any CPU
		{4508751E-D235-4E67-B234-4147F9073912}.Release|Any CPU.Build.0 = Release|Any CPU
	EndGlobalSection
	GlobalSection(SolutionProperties) = preSolution
		HideSolutionNode = FALSE
	EndGlobalSection
	GlobalSection(ExtensibilityGlobals) = postSolution
		SolutionGuid = {CE0D4B3D-1B24-42C9-8C9B-2F49C103A796}
	EndGlobalSection
EndGlobal
