
Microsoft Visual Studio Solution File, Format Version 12.00
# Visual Studio Version 17
VisualStudioVersion = 17.2.32630.192
MinimumVisualStudioVersion = 10.0.40219.1
Project("{9A19103F-16F7-4668-BE54-9A1E7A4F7556}") = "R5T.F0045", "R5T.F0045\R5T.F0045.csproj", "{4508751E-D235-4E67-B234-4147F9073912}"
EndProject
Project("{2150E333-8FDC-42A3-9474-1A3956D46DE8}") = "_Dependencies", "_Dependencies", "{F7521946-1F94-49A9-81BA-D51EC4BFF64E}"
EndProject
Project("{9A19103F-16F7-4668-BE54-9A1E7A4F7556}") = "R5T.T0132", "..\..\R5T.T0132\source\R5T.T0132\R5T.T0132.csproj", "{8EB78F3E-A9A3-4AC7-87C6-0C18DEB86C66}"
EndProject
Project("{9A19103F-16F7-4668-BE54-9A1E7A4F7556}") = "R5T.NG0006", "..\..\R5T.NG0006\source\R5T.NG0006\R5T.NG0006.csproj", "{DC7D29C5-81D4-4CCF-BDCF-7728368CD5D8}"
EndProject
Project("{9A19103F-16F7-4668-BE54-9A1E7A4F7556}") = "R5T.F0043", "..\..\R5T.F0043\source\R5T.F0043\R5T.F0043.csproj", "{84768E66-5398-4C93-8BF8-4B7878533A9C}"
EndProject
Project("{9A19103F-16F7-4668-BE54-9A1E7A4F7556}") = "R5T.F0046", "..\..\R5T.F0046\source\R5T.F0046\R5T.F0046.csproj", "{D44CCB83-69D5-4569-B6A4-6A14BC177E5A}"
EndProject
Project("{9A19103F-16F7-4668-BE54-9A1E7A4F7556}") = "R5T.F0042", "..\..\R5T.F0042\source\R5T.F0042\R5T.F0042.csproj", "{DC00139B-800E-436F-B666-38E6D9353A8D}"
EndProject
Project("{9A19103F-16F7-4668-BE54-9A1E7A4F7556}") = "R5T.F0048", "..\..\R5T.F0048\source\R5T.F0048\R5T.F0048.csproj", "{E9F72270-D031-41ED-9BA0-789C699E1450}"
EndProject
Project("{9A19103F-16F7-4668-BE54-9A1E7A4F7556}") = "R5T.F0049", "..\..\R5T.F0049\source\R5T.F0049\R5T.F0049.csproj", "{EBE9C985-26CE-4453-AF2E-CD6B3EC9C78F}"
EndProject
Project("{9A19103F-16F7-4668-BE54-9A1E7A4F7556}") = "R5T.F0041", "..\..\R5T.F0041\source\R5T.F0041\R5T.F0041.csproj", "{4A6099C9-3B34-4F82-A794-69A90ABFD3D8}"
EndProject
Project("{9A19103F-16F7-4668-BE54-9A1E7A4F7556}") = "R5T.F0002", "..\..\R5T.F0002\source\R5T.F0002\R5T.F0002.csproj", "{DD94F408-BEC4-41A6-BAA6-33E2CA94F946}"
EndProject
Project("{9A19103F-16F7-4668-BE54-9A1E7A4F7556}") = "R5T.F0000", "..\..\R5T.F0000\source\R5T.F0000\R5T.F0000.csproj", "{B252264F-E217-4188-9408-3CD67E3AA06F}"
EndProject
Project("{9A19103F-16F7-4668-BE54-9A1E7A4F7556}") = "R5T.T0143", "..\..\R5T.T0143\source\R5T.T0143\R5T.T0143.csproj", "{C554F316-E21D-4D19-ABCB-87D8D6BF8E9D}"
EndProject
Project("{9A19103F-16F7-4668-BE54-9A1E7A4F7556}") = "R5T.T0142", "..\..\R5T.T0142\source\R5T.T0142\R5T.T0142.csproj", "{ABB34E31-C736-4B11-AB50-8686EC4D1FFB}"
EndProject
Project("{9A19103F-16F7-4668-BE54-9A1E7A4F7556}") = "R5T.Z0000", "..\..\R5T.Z0000\source\R5T.Z0000\R5T.Z0000.csproj", "{F1DDC8C2-C88E-4831-A342-D019CC92E510}"
EndProject
Project("{9A19103F-16F7-4668-BE54-9A1E7A4F7556}") = "R5T.T0131", "..\..\R5T.T0131\source\R5T.T0131\R5T.T0131.csproj", "{11C8B614-6620-429F-AB66-3E1F0391CFE5}"
EndProject
Project("{9A19103F-16F7-4668-BE54-9A1E7A4F7556}") = "R5T.Y0000", "..\..\R5T.Y0000\source\R5T.Y0000\R5T.Y0000.csproj", "{09C4ED88-4F48-4076-9410-11200618977B}"
EndProject
Project("{9A19103F-16F7-4668-BE54-9A1E7A4F7556}") = "R5T.F0019", "..\..\R5T.F0019\source\R5T.F0019\R5T.F0019.csproj", "{7D0BF0AD-950C-4AEB-81B1-D4F7FC131CCE}"
EndProject
Project("{9A19103F-16F7-4668-BE54-9A1E7A4F7556}") = "R5T.L0001.Y000", "..\..\R5T.L0001\source\R5T.L0001.Y000\R5T.L0001.Y000.csproj", "{5D91C0EB-C1B7-4640-9B13-212BBEBC81BC}"
EndProject
Project("{9A19103F-16F7-4668-BE54-9A1E7A4F7556}") = "R5T.L0001.Z000", "..\..\R5T.L0001\source\R5T.L0001.Z000\R5T.L0001.Z000.csproj", "{2A624A2D-89EE-440C-A8FE-DE8CD61B8B53}"
EndProject
Project("{9A19103F-16F7-4668-BE54-9A1E7A4F7556}") = "R5T.L0001", "..\..\R5T.L0001\source\R5T.L0001\R5T.L0001.csproj", "{8E290724-1E9B-4D7F-9292-54126436B179}"
EndProject
Project("{9A19103F-16F7-4668-BE54-9A1E7A4F7556}") = "R5T.T0046", "..\..\R5T.T0046\source\R5T.T0046\R5T.T0046.csproj", "{A5F47AA9-3434-4BD4-A79E-60899DB21621}"
EndProject
Project("{9A19103F-16F7-4668-BE54-9A1E7A4F7556}") = "R5T.Magyar", "..\..\R5T.Magyar\source\R5T.Magyar\R5T.Magyar.csproj", "{7CD1A5E8-D590-44A4-A3F5-37719957D7C5}"
EndProject
Project("{9A19103F-16F7-4668-BE54-9A1E7A4F7556}") = "R5T.T0144", "..\..\R5T.T0144\source\R5T.T0144\R5T.T0144.csproj", "{0B7C4652-1F08-4CA8-A27C-FB84A34A2D9A}"
EndProject
Project("{9A19103F-16F7-4668-BE54-9A1E7A4F7556}") = "R5T.Y0004", "..\..\R5T.Y0004\source\R5T.Y0004\R5T.Y0004.csproj", "{7DA782B1-87B3-47F4-A58D-746F4F6FA1EE}"
EndProject
Project("{9A19103F-16F7-4668-BE54-9A1E7A4F7556}") = "R5T.Z0005", "..\..\R5T.Z0005\source\R5T.Z0005\R5T.Z0005.csproj", "{A531A2B9-9B42-46AB-B88A-45BB0225055F}"
EndProject
Project("{9A19103F-16F7-4668-BE54-9A1E7A4F7556}") = "R5T.F0032", "..\..\R5T.F0032\source\R5T.F0032\R5T.F0032.csproj", "{948D1870-2038-4551-B2C6-1A24F15D47D7}"
EndProject
Project("{9A19103F-16F7-4668-BE54-9A1E7A4F7556}") = "R5T.L0019", "..\..\R5T.L0019\source\R5T.L0019\R5T.L0019.csproj", "{02427513-5D58-4277-93D5-A88BD4D1A800}"
EndProject
Project("{9A19103F-16F7-4668-BE54-9A1E7A4F7556}") = "R5T.F0047", "..\..\R5T.F0047\source\R5T.F0047\R5T.F0047.csproj", "{95C22AE4-C073-432E-A826-776ADBB13D35}"
EndProject
Project("{9A19103F-16F7-4668-BE54-9A1E7A4F7556}") = "R5T.Z0013", "..\..\R5T.Z0013\source\R5T.Z0013\R5T.Z0013.csproj", "{4134ED1D-98B6-4946-8677-5635582CED24}"
EndProject
Project("{9A19103F-16F7-4668-BE54-9A1E7A4F7556}") = "R5T.NG0003", "..\..\R5T.NG0003\source\R5T.NG0003\R5T.NG0003.csproj", "{C687AE4D-E632-4EB6-BF9A-A073E86BFCA0}"
EndProject
Project("{9A19103F-16F7-4668-BE54-9A1E7A4F7556}") = "R5T.NG0005", "..\..\R5T.NG0005\source\R5T.NG0005\R5T.NG0005.csproj", "{0C63FDDF-A474-426B-B4F4-4815C578C6AC}"
EndProject
Project("{9A19103F-16F7-4668-BE54-9A1E7A4F7556}") = "R5T.S0043.Library", "..\..\R5T.S0043\source\R5T.S0043.Library\R5T.S0043.Library.csproj", "{45855C1B-A526-4A46-A69B-45B0C65498B3}"
EndProject
Project("{9A19103F-16F7-4668-BE54-9A1E7A4F7556}") = "R5T.F0044", "..\..\R5T.F0044\source\R5T.F0044\R5T.F0044.csproj", "{04A56DEF-5A30-4648-9882-FE7EF9899540}"
EndProject
Project("{9A19103F-16F7-4668-BE54-9A1E7A4F7556}") = "R5T.F0024", "..\..\R5T.F0024\source\R5T.F0024\R5T.F0024.csproj", "{43EF2BC6-53AF-462F-814D-AD1BE70DC2E6}"
EndProject
Project("{9A19103F-16F7-4668-BE54-9A1E7A4F7556}") = "R5T.Z0009", "..\..\R5T.Z0009\source\R5T.Z0009\R5T.Z0009.csproj", "{FE8DB838-3D47-4EA0-A39F-3CBB87BC08EE}"
EndProject
Project("{9A19103F-16F7-4668-BE54-9A1E7A4F7556}") = "R5T.F0024.T001", "..\..\R5T.F0024\source\R5T.F0024.T001\R5T.F0024.T001.csproj", "{B3E9DD1B-D9F4-47E0-8656-69AEC5EB83CD}"
EndProject
Project("{9A19103F-16F7-4668-BE54-9A1E7A4F7556}") = "R5T.F0050", "..\..\R5T.F0050\source\R5T.F0050\R5T.F0050.csproj", "{D44C660F-1C87-4733-93B2-872DDA8E6567}"
EndProject
Project("{9A19103F-16F7-4668-BE54-9A1E7A4F7556}") = "R5T.F0051", "..\..\R5T.F0051\source\R5T.F0051\R5T.F0051.csproj", "{9A1F7FB1-3391-46E0-BA69-0ACB463F8AAD}"
EndProject
Project("{9A19103F-16F7-4668-BE54-9A1E7A4F7556}") = "R5T.F0020", "..\..\R5T.F0020\source\R5T.F0020\R5T.F0020.csproj", "{D34D7B58-2762-4F3C-A7C6-95C6FEDC5407}"
EndProject
Project("{9A19103F-16F7-4668-BE54-9A1E7A4F7556}") = "R5T.F0040.F000", "..\..\R5T.F0040\source\R5T.F0040.F000\R5T.F0040.F000.csproj", "{5FB9E7B3-4C8F-4DEB-BC2C-5D958ACAB0EE}"
EndProject
Project("{9A19103F-16F7-4668-BE54-9A1E7A4F7556}") = "R5T.F0052", "..\..\R5T.F0052\source\R5T.F0052\R5T.F0052.csproj", "{C4F431A8-3EBD-4632-B094-D9EC8AE22DC9}"
EndProject
Project("{9A19103F-16F7-4668-BE54-9A1E7A4F7556}") = "R5T.F0053", "..\..\R5T.F0053\source\R5T.F0053\R5T.F0053.csproj", "{0BDA2730-92FD-47E3-A906-37AC7AE73C16}"
EndProject
Project("{9A19103F-16F7-4668-BE54-9A1E7A4F7556}") = "R5T.F0054", "..\..\R5T.F0054\source\R5T.F0054\R5T.F0054.csproj", "{2C8F0C45-AD26-4503-A668-6BEE542CCA8F}"
EndProject
Project("{9A19103F-16F7-4668-BE54-9A1E7A4F7556}") = "R5T.F0055", "..\..\R5T.F0055\source\R5T.F0055\R5T.F0055.csproj", "{4B825C77-EE76-4211-ADE1-E4CC326AC481}"
EndProject
Project("{9A19103F-16F7-4668-BE54-9A1E7A4F7556}") = "R5T.F0056", "..\..\R5T.F0056\source\R5T.F0056\R5T.F0056.csproj", "{3A5F8621-F6B2-451A-908D-FE59F00115B6}"
EndProject
Global
	GlobalSection(SolutionConfigurationPlatforms) = preSolution
		Debug|Any CPU = Debug|Any CPU
		Release|Any CPU = Release|Any CPU
	EndGlobalSection
	GlobalSection(ProjectConfigurationPlatforms) = postSolution
		{4508751E-D235-4E67-B234-4147F9073912}.Debug|Any CPU.ActiveCfg = Debug|Any CPU
		{4508751E-D235-4E67-B234-4147F9073912}.Debug|Any CPU.Build.0 = Debug|Any CPU
		{4508751E-D235-4E67-B234-4147F9073912}.Release|Any CPU.ActiveCfg = Release|Any CPU
		{4508751E-D235-4E67-B234-4147F9073912}.Release|Any CPU.Build.0 = Release|Any CPU
		{8EB78F3E-A9A3-4AC7-87C6-0C18DEB86C66}.Debug|Any CPU.ActiveCfg = Debug|Any CPU
		{8EB78F3E-A9A3-4AC7-87C6-0C18DEB86C66}.Debug|Any CPU.Build.0 = Debug|Any CPU
		{8EB78F3E-A9A3-4AC7-87C6-0C18DEB86C66}.Release|Any CPU.ActiveCfg = Release|Any CPU
		{8EB78F3E-A9A3-4AC7-87C6-0C18DEB86C66}.Release|Any CPU.Build.0 = Release|Any CPU
		{DC7D29C5-81D4-4CCF-BDCF-7728368CD5D8}.Debug|Any CPU.ActiveCfg = Debug|Any CPU
		{DC7D29C5-81D4-4CCF-BDCF-7728368CD5D8}.Debug|Any CPU.Build.0 = Debug|Any CPU
		{DC7D29C5-81D4-4CCF-BDCF-7728368CD5D8}.Release|Any CPU.ActiveCfg = Release|Any CPU
		{DC7D29C5-81D4-4CCF-BDCF-7728368CD5D8}.Release|Any CPU.Build.0 = Release|Any CPU
		{84768E66-5398-4C93-8BF8-4B7878533A9C}.Debug|Any CPU.ActiveCfg = Debug|Any CPU
		{84768E66-5398-4C93-8BF8-4B7878533A9C}.Debug|Any CPU.Build.0 = Debug|Any CPU
		{84768E66-5398-4C93-8BF8-4B7878533A9C}.Release|Any CPU.ActiveCfg = Release|Any CPU
		{84768E66-5398-4C93-8BF8-4B7878533A9C}.Release|Any CPU.Build.0 = Release|Any CPU
		{D44CCB83-69D5-4569-B6A4-6A14BC177E5A}.Debug|Any CPU.ActiveCfg = Debug|Any CPU
		{D44CCB83-69D5-4569-B6A4-6A14BC177E5A}.Debug|Any CPU.Build.0 = Debug|Any CPU
		{D44CCB83-69D5-4569-B6A4-6A14BC177E5A}.Release|Any CPU.ActiveCfg = Release|Any CPU
		{D44CCB83-69D5-4569-B6A4-6A14BC177E5A}.Release|Any CPU.Build.0 = Release|Any CPU
		{DC00139B-800E-436F-B666-38E6D9353A8D}.Debug|Any CPU.ActiveCfg = Debug|Any CPU
		{DC00139B-800E-436F-B666-38E6D9353A8D}.Debug|Any CPU.Build.0 = Debug|Any CPU
		{DC00139B-800E-436F-B666-38E6D9353A8D}.Release|Any CPU.ActiveCfg = Release|Any CPU
		{DC00139B-800E-436F-B666-38E6D9353A8D}.Release|Any CPU.Build.0 = Release|Any CPU
		{E9F72270-D031-41ED-9BA0-789C699E1450}.Debug|Any CPU.ActiveCfg = Debug|Any CPU
		{E9F72270-D031-41ED-9BA0-789C699E1450}.Debug|Any CPU.Build.0 = Debug|Any CPU
		{E9F72270-D031-41ED-9BA0-789C699E1450}.Release|Any CPU.ActiveCfg = Release|Any CPU
		{E9F72270-D031-41ED-9BA0-789C699E1450}.Release|Any CPU.Build.0 = Release|Any CPU
		{EBE9C985-26CE-4453-AF2E-CD6B3EC9C78F}.Debug|Any CPU.ActiveCfg = Debug|Any CPU
		{EBE9C985-26CE-4453-AF2E-CD6B3EC9C78F}.Debug|Any CPU.Build.0 = Debug|Any CPU
		{EBE9C985-26CE-4453-AF2E-CD6B3EC9C78F}.Release|Any CPU.ActiveCfg = Release|Any CPU
		{EBE9C985-26CE-4453-AF2E-CD6B3EC9C78F}.Release|Any CPU.Build.0 = Release|Any CPU
		{4A6099C9-3B34-4F82-A794-69A90ABFD3D8}.Debug|Any CPU.ActiveCfg = Debug|Any CPU
		{4A6099C9-3B34-4F82-A794-69A90ABFD3D8}.Debug|Any CPU.Build.0 = Debug|Any CPU
		{4A6099C9-3B34-4F82-A794-69A90ABFD3D8}.Release|Any CPU.ActiveCfg = Release|Any CPU
		{4A6099C9-3B34-4F82-A794-69A90ABFD3D8}.Release|Any CPU.Build.0 = Release|Any CPU
		{DD94F408-BEC4-41A6-BAA6-33E2CA94F946}.Debug|Any CPU.ActiveCfg = Debug|Any CPU
		{DD94F408-BEC4-41A6-BAA6-33E2CA94F946}.Debug|Any CPU.Build.0 = Debug|Any CPU
		{DD94F408-BEC4-41A6-BAA6-33E2CA94F946}.Release|Any CPU.ActiveCfg = Release|Any CPU
		{DD94F408-BEC4-41A6-BAA6-33E2CA94F946}.Release|Any CPU.Build.0 = Release|Any CPU
		{B252264F-E217-4188-9408-3CD67E3AA06F}.Debug|Any CPU.ActiveCfg = Debug|Any CPU
		{B252264F-E217-4188-9408-3CD67E3AA06F}.Debug|Any CPU.Build.0 = Debug|Any CPU
		{B252264F-E217-4188-9408-3CD67E3AA06F}.Release|Any CPU.ActiveCfg = Release|Any CPU
		{B252264F-E217-4188-9408-3CD67E3AA06F}.Release|Any CPU.Build.0 = Release|Any CPU
		{C554F316-E21D-4D19-ABCB-87D8D6BF8E9D}.Debug|Any CPU.ActiveCfg = Debug|Any CPU
		{C554F316-E21D-4D19-ABCB-87D8D6BF8E9D}.Debug|Any CPU.Build.0 = Debug|Any CPU
		{C554F316-E21D-4D19-ABCB-87D8D6BF8E9D}.Release|Any CPU.ActiveCfg = Release|Any CPU
		{C554F316-E21D-4D19-ABCB-87D8D6BF8E9D}.Release|Any CPU.Build.0 = Release|Any CPU
		{ABB34E31-C736-4B11-AB50-8686EC4D1FFB}.Debug|Any CPU.ActiveCfg = Debug|Any CPU
		{ABB34E31-C736-4B11-AB50-8686EC4D1FFB}.Debug|Any CPU.Build.0 = Debug|Any CPU
		{ABB34E31-C736-4B11-AB50-8686EC4D1FFB}.Release|Any CPU.ActiveCfg = Release|Any CPU
		{ABB34E31-C736-4B11-AB50-8686EC4D1FFB}.Release|Any CPU.Build.0 = Release|Any CPU
		{F1DDC8C2-C88E-4831-A342-D019CC92E510}.Debug|Any CPU.ActiveCfg = Debug|Any CPU
		{F1DDC8C2-C88E-4831-A342-D019CC92E510}.Debug|Any CPU.Build.0 = Debug|Any CPU
		{F1DDC8C2-C88E-4831-A342-D019CC92E510}.Release|Any CPU.ActiveCfg = Release|Any CPU
		{F1DDC8C2-C88E-4831-A342-D019CC92E510}.Release|Any CPU.Build.0 = Release|Any CPU
		{11C8B614-6620-429F-AB66-3E1F0391CFE5}.Debug|Any CPU.ActiveCfg = Debug|Any CPU
		{11C8B614-6620-429F-AB66-3E1F0391CFE5}.Debug|Any CPU.Build.0 = Debug|Any CPU
		{11C8B614-6620-429F-AB66-3E1F0391CFE5}.Release|Any CPU.ActiveCfg = Release|Any CPU
		{11C8B614-6620-429F-AB66-3E1F0391CFE5}.Release|Any CPU.Build.0 = Release|Any CPU
		{09C4ED88-4F48-4076-9410-11200618977B}.Debug|Any CPU.ActiveCfg = Debug|Any CPU
		{09C4ED88-4F48-4076-9410-11200618977B}.Debug|Any CPU.Build.0 = Debug|Any CPU
		{09C4ED88-4F48-4076-9410-11200618977B}.Release|Any CPU.ActiveCfg = Release|Any CPU
		{09C4ED88-4F48-4076-9410-11200618977B}.Release|Any CPU.Build.0 = Release|Any CPU
		{7D0BF0AD-950C-4AEB-81B1-D4F7FC131CCE}.Debug|Any CPU.ActiveCfg = Debug|Any CPU
		{7D0BF0AD-950C-4AEB-81B1-D4F7FC131CCE}.Debug|Any CPU.Build.0 = Debug|Any CPU
		{7D0BF0AD-950C-4AEB-81B1-D4F7FC131CCE}.Release|Any CPU.ActiveCfg = Release|Any CPU
		{7D0BF0AD-950C-4AEB-81B1-D4F7FC131CCE}.Release|Any CPU.Build.0 = Release|Any CPU
		{5D91C0EB-C1B7-4640-9B13-212BBEBC81BC}.Debug|Any CPU.ActiveCfg = Debug|Any CPU
		{5D91C0EB-C1B7-4640-9B13-212BBEBC81BC}.Debug|Any CPU.Build.0 = Debug|Any CPU
		{5D91C0EB-C1B7-4640-9B13-212BBEBC81BC}.Release|Any CPU.ActiveCfg = Release|Any CPU
		{5D91C0EB-C1B7-4640-9B13-212BBEBC81BC}.Release|Any CPU.Build.0 = Release|Any CPU
		{2A624A2D-89EE-440C-A8FE-DE8CD61B8B53}.Debug|Any CPU.ActiveCfg = Debug|Any CPU
		{2A624A2D-89EE-440C-A8FE-DE8CD61B8B53}.Debug|Any CPU.Build.0 = Debug|Any CPU
		{2A624A2D-89EE-440C-A8FE-DE8CD61B8B53}.Release|Any CPU.ActiveCfg = Release|Any CPU
		{2A624A2D-89EE-440C-A8FE-DE8CD61B8B53}.Release|Any CPU.Build.0 = Release|Any CPU
		{8E290724-1E9B-4D7F-9292-54126436B179}.Debug|Any CPU.ActiveCfg = Debug|Any CPU
		{8E290724-1E9B-4D7F-9292-54126436B179}.Debug|Any CPU.Build.0 = Debug|Any CPU
		{8E290724-1E9B-4D7F-9292-54126436B179}.Release|Any CPU.ActiveCfg = Release|Any CPU
		{8E290724-1E9B-4D7F-9292-54126436B179}.Release|Any CPU.Build.0 = Release|Any CPU
		{A5F47AA9-3434-4BD4-A79E-60899DB21621}.Debug|Any CPU.ActiveCfg = Debug|Any CPU
		{A5F47AA9-3434-4BD4-A79E-60899DB21621}.Debug|Any CPU.Build.0 = Debug|Any CPU
		{A5F47AA9-3434-4BD4-A79E-60899DB21621}.Release|Any CPU.ActiveCfg = Release|Any CPU
		{A5F47AA9-3434-4BD4-A79E-60899DB21621}.Release|Any CPU.Build.0 = Release|Any CPU
		{7CD1A5E8-D590-44A4-A3F5-37719957D7C5}.Debug|Any CPU.ActiveCfg = Debug|Any CPU
		{7CD1A5E8-D590-44A4-A3F5-37719957D7C5}.Debug|Any CPU.Build.0 = Debug|Any CPU
		{7CD1A5E8-D590-44A4-A3F5-37719957D7C5}.Release|Any CPU.ActiveCfg = Release|Any CPU
		{7CD1A5E8-D590-44A4-A3F5-37719957D7C5}.Release|Any CPU.Build.0 = Release|Any CPU
		{0B7C4652-1F08-4CA8-A27C-FB84A34A2D9A}.Debug|Any CPU.ActiveCfg = Debug|Any CPU
		{0B7C4652-1F08-4CA8-A27C-FB84A34A2D9A}.Debug|Any CPU.Build.0 = Debug|Any CPU
		{0B7C4652-1F08-4CA8-A27C-FB84A34A2D9A}.Release|Any CPU.ActiveCfg = Release|Any CPU
		{0B7C4652-1F08-4CA8-A27C-FB84A34A2D9A}.Release|Any CPU.Build.0 = Release|Any CPU
		{7DA782B1-87B3-47F4-A58D-746F4F6FA1EE}.Debug|Any CPU.ActiveCfg = Debug|Any CPU
		{7DA782B1-87B3-47F4-A58D-746F4F6FA1EE}.Debug|Any CPU.Build.0 = Debug|Any CPU
		{7DA782B1-87B3-47F4-A58D-746F4F6FA1EE}.Release|Any CPU.ActiveCfg = Release|Any CPU
		{7DA782B1-87B3-47F4-A58D-746F4F6FA1EE}.Release|Any CPU.Build.0 = Release|Any CPU
		{A531A2B9-9B42-46AB-B88A-45BB0225055F}.Debug|Any CPU.ActiveCfg = Debug|Any CPU
		{A531A2B9-9B42-46AB-B88A-45BB0225055F}.Debug|Any CPU.Build.0 = Debug|Any CPU
		{A531A2B9-9B42-46AB-B88A-45BB0225055F}.Release|Any CPU.ActiveCfg = Release|Any CPU
		{A531A2B9-9B42-46AB-B88A-45BB0225055F}.Release|Any CPU.Build.0 = Release|Any CPU
		{948D1870-2038-4551-B2C6-1A24F15D47D7}.Debug|Any CPU.ActiveCfg = Debug|Any CPU
		{948D1870-2038-4551-B2C6-1A24F15D47D7}.Debug|Any CPU.Build.0 = Debug|Any CPU
		{948D1870-2038-4551-B2C6-1A24F15D47D7}.Release|Any CPU.ActiveCfg = Release|Any CPU
		{948D1870-2038-4551-B2C6-1A24F15D47D7}.Release|Any CPU.Build.0 = Release|Any CPU
		{02427513-5D58-4277-93D5-A88BD4D1A800}.Debug|Any CPU.ActiveCfg = Debug|Any CPU
		{02427513-5D58-4277-93D5-A88BD4D1A800}.Debug|Any CPU.Build.0 = Debug|Any CPU
		{02427513-5D58-4277-93D5-A88BD4D1A800}.Release|Any CPU.ActiveCfg = Release|Any CPU
		{02427513-5D58-4277-93D5-A88BD4D1A800}.Release|Any CPU.Build.0 = Release|Any CPU
		{95C22AE4-C073-432E-A826-776ADBB13D35}.Debug|Any CPU.ActiveCfg = Debug|Any CPU
		{95C22AE4-C073-432E-A826-776ADBB13D35}.Debug|Any CPU.Build.0 = Debug|Any CPU
		{95C22AE4-C073-432E-A826-776ADBB13D35}.Release|Any CPU.ActiveCfg = Release|Any CPU
		{95C22AE4-C073-432E-A826-776ADBB13D35}.Release|Any CPU.Build.0 = Release|Any CPU
		{4134ED1D-98B6-4946-8677-5635582CED24}.Debug|Any CPU.ActiveCfg = Debug|Any CPU
		{4134ED1D-98B6-4946-8677-5635582CED24}.Debug|Any CPU.Build.0 = Debug|Any CPU
		{4134ED1D-98B6-4946-8677-5635582CED24}.Release|Any CPU.ActiveCfg = Release|Any CPU
		{4134ED1D-98B6-4946-8677-5635582CED24}.Release|Any CPU.Build.0 = Release|Any CPU
		{C687AE4D-E632-4EB6-BF9A-A073E86BFCA0}.Debug|Any CPU.ActiveCfg = Debug|Any CPU
		{C687AE4D-E632-4EB6-BF9A-A073E86BFCA0}.Debug|Any CPU.Build.0 = Debug|Any CPU
		{C687AE4D-E632-4EB6-BF9A-A073E86BFCA0}.Release|Any CPU.ActiveCfg = Release|Any CPU
		{C687AE4D-E632-4EB6-BF9A-A073E86BFCA0}.Release|Any CPU.Build.0 = Release|Any CPU
		{0C63FDDF-A474-426B-B4F4-4815C578C6AC}.Debug|Any CPU.ActiveCfg = Debug|Any CPU
		{0C63FDDF-A474-426B-B4F4-4815C578C6AC}.Debug|Any CPU.Build.0 = Debug|Any CPU
		{0C63FDDF-A474-426B-B4F4-4815C578C6AC}.Release|Any CPU.ActiveCfg = Release|Any CPU
		{0C63FDDF-A474-426B-B4F4-4815C578C6AC}.Release|Any CPU.Build.0 = Release|Any CPU
		{45855C1B-A526-4A46-A69B-45B0C65498B3}.Debug|Any CPU.ActiveCfg = Debug|Any CPU
		{45855C1B-A526-4A46-A69B-45B0C65498B3}.Debug|Any CPU.Build.0 = Debug|Any CPU
		{45855C1B-A526-4A46-A69B-45B0C65498B3}.Release|Any CPU.ActiveCfg = Release|Any CPU
		{45855C1B-A526-4A46-A69B-45B0C65498B3}.Release|Any CPU.Build.0 = Release|Any CPU
		{04A56DEF-5A30-4648-9882-FE7EF9899540}.Debug|Any CPU.ActiveCfg = Debug|Any CPU
		{04A56DEF-5A30-4648-9882-FE7EF9899540}.Debug|Any CPU.Build.0 = Debug|Any CPU
		{04A56DEF-5A30-4648-9882-FE7EF9899540}.Release|Any CPU.ActiveCfg = Release|Any CPU
		{04A56DEF-5A30-4648-9882-FE7EF9899540}.Release|Any CPU.Build.0 = Release|Any CPU
		{43EF2BC6-53AF-462F-814D-AD1BE70DC2E6}.Debug|Any CPU.ActiveCfg = Debug|Any CPU
		{43EF2BC6-53AF-462F-814D-AD1BE70DC2E6}.Debug|Any CPU.Build.0 = Debug|Any CPU
		{43EF2BC6-53AF-462F-814D-AD1BE70DC2E6}.Release|Any CPU.ActiveCfg = Release|Any CPU
		{43EF2BC6-53AF-462F-814D-AD1BE70DC2E6}.Release|Any CPU.Build.0 = Release|Any CPU
		{FE8DB838-3D47-4EA0-A39F-3CBB87BC08EE}.Debug|Any CPU.ActiveCfg = Debug|Any CPU
		{FE8DB838-3D47-4EA0-A39F-3CBB87BC08EE}.Debug|Any CPU.Build.0 = Debug|Any CPU
		{FE8DB838-3D47-4EA0-A39F-3CBB87BC08EE}.Release|Any CPU.ActiveCfg = Release|Any CPU
		{FE8DB838-3D47-4EA0-A39F-3CBB87BC08EE}.Release|Any CPU.Build.0 = Release|Any CPU
		{B3E9DD1B-D9F4-47E0-8656-69AEC5EB83CD}.Debug|Any CPU.ActiveCfg = Debug|Any CPU
		{B3E9DD1B-D9F4-47E0-8656-69AEC5EB83CD}.Debug|Any CPU.Build.0 = Debug|Any CPU
		{B3E9DD1B-D9F4-47E0-8656-69AEC5EB83CD}.Release|Any CPU.ActiveCfg = Release|Any CPU
		{B3E9DD1B-D9F4-47E0-8656-69AEC5EB83CD}.Release|Any CPU.Build.0 = Release|Any CPU
		{D44C660F-1C87-4733-93B2-872DDA8E6567}.Debug|Any CPU.ActiveCfg = Debug|Any CPU
		{D44C660F-1C87-4733-93B2-872DDA8E6567}.Debug|Any CPU.Build.0 = Debug|Any CPU
		{D44C660F-1C87-4733-93B2-872DDA8E6567}.Release|Any CPU.ActiveCfg = Release|Any CPU
		{D44C660F-1C87-4733-93B2-872DDA8E6567}.Release|Any CPU.Build.0 = Release|Any CPU
		{9A1F7FB1-3391-46E0-BA69-0ACB463F8AAD}.Debug|Any CPU.ActiveCfg = Debug|Any CPU
		{9A1F7FB1-3391-46E0-BA69-0ACB463F8AAD}.Debug|Any CPU.Build.0 = Debug|Any CPU
		{9A1F7FB1-3391-46E0-BA69-0ACB463F8AAD}.Release|Any CPU.ActiveCfg = Release|Any CPU
		{9A1F7FB1-3391-46E0-BA69-0ACB463F8AAD}.Release|Any CPU.Build.0 = Release|Any CPU
		{D34D7B58-2762-4F3C-A7C6-95C6FEDC5407}.Debug|Any CPU.ActiveCfg = Debug|Any CPU
		{D34D7B58-2762-4F3C-A7C6-95C6FEDC5407}.Debug|Any CPU.Build.0 = Debug|Any CPU
		{D34D7B58-2762-4F3C-A7C6-95C6FEDC5407}.Release|Any CPU.ActiveCfg = Release|Any CPU
		{D34D7B58-2762-4F3C-A7C6-95C6FEDC5407}.Release|Any CPU.Build.0 = Release|Any CPU
		{5FB9E7B3-4C8F-4DEB-BC2C-5D958ACAB0EE}.Debug|Any CPU.ActiveCfg = Debug|Any CPU
		{5FB9E7B3-4C8F-4DEB-BC2C-5D958ACAB0EE}.Debug|Any CPU.Build.0 = Debug|Any CPU
		{5FB9E7B3-4C8F-4DEB-BC2C-5D958ACAB0EE}.Release|Any CPU.ActiveCfg = Release|Any CPU
		{5FB9E7B3-4C8F-4DEB-BC2C-5D958ACAB0EE}.Release|Any CPU.Build.0 = Release|Any CPU
		{C4F431A8-3EBD-4632-B094-D9EC8AE22DC9}.Debug|Any CPU.ActiveCfg = Debug|Any CPU
		{C4F431A8-3EBD-4632-B094-D9EC8AE22DC9}.Debug|Any CPU.Build.0 = Debug|Any CPU
		{C4F431A8-3EBD-4632-B094-D9EC8AE22DC9}.Release|Any CPU.ActiveCfg = Release|Any CPU
		{C4F431A8-3EBD-4632-B094-D9EC8AE22DC9}.Release|Any CPU.Build.0 = Release|Any CPU
		{0BDA2730-92FD-47E3-A906-37AC7AE73C16}.Debug|Any CPU.ActiveCfg = Debug|Any CPU
		{0BDA2730-92FD-47E3-A906-37AC7AE73C16}.Debug|Any CPU.Build.0 = Debug|Any CPU
		{0BDA2730-92FD-47E3-A906-37AC7AE73C16}.Release|Any CPU.ActiveCfg = Release|Any CPU
		{0BDA2730-92FD-47E3-A906-37AC7AE73C16}.Release|Any CPU.Build.0 = Release|Any CPU
		{2C8F0C45-AD26-4503-A668-6BEE542CCA8F}.Debug|Any CPU.ActiveCfg = Debug|Any CPU
		{2C8F0C45-AD26-4503-A668-6BEE542CCA8F}.Debug|Any CPU.Build.0 = Debug|Any CPU
		{2C8F0C45-AD26-4503-A668-6BEE542CCA8F}.Release|Any CPU.ActiveCfg = Release|Any CPU
		{2C8F0C45-AD26-4503-A668-6BEE542CCA8F}.Release|Any CPU.Build.0 = Release|Any CPU
		{4B825C77-EE76-4211-ADE1-E4CC326AC481}.Debug|Any CPU.ActiveCfg = Debug|Any CPU
		{4B825C77-EE76-4211-ADE1-E4CC326AC481}.Debug|Any CPU.Build.0 = Debug|Any CPU
		{4B825C77-EE76-4211-ADE1-E4CC326AC481}.Release|Any CPU.ActiveCfg = Release|Any CPU
		{4B825C77-EE76-4211-ADE1-E4CC326AC481}.Release|Any CPU.Build.0 = Release|Any CPU
		{3A5F8621-F6B2-451A-908D-FE59F00115B6}.Debug|Any CPU.ActiveCfg = Debug|Any CPU
		{3A5F8621-F6B2-451A-908D-FE59F00115B6}.Debug|Any CPU.Build.0 = Debug|Any CPU
		{3A5F8621-F6B2-451A-908D-FE59F00115B6}.Release|Any CPU.ActiveCfg = Release|Any CPU
		{3A5F8621-F6B2-451A-908D-FE59F00115B6}.Release|Any CPU.Build.0 = Release|Any CPU
	EndGlobalSection
	GlobalSection(SolutionProperties) = preSolution
		HideSolutionNode = FALSE
	EndGlobalSection
	GlobalSection(NestedProjects) = preSolution
		{8EB78F3E-A9A3-4AC7-87C6-0C18DEB86C66} = {F7521946-1F94-49A9-81BA-D51EC4BFF64E}
		{DC7D29C5-81D4-4CCF-BDCF-7728368CD5D8} = {F7521946-1F94-49A9-81BA-D51EC4BFF64E}
		{84768E66-5398-4C93-8BF8-4B7878533A9C} = {F7521946-1F94-49A9-81BA-D51EC4BFF64E}
		{D44CCB83-69D5-4569-B6A4-6A14BC177E5A} = {F7521946-1F94-49A9-81BA-D51EC4BFF64E}
		{DC00139B-800E-436F-B666-38E6D9353A8D} = {F7521946-1F94-49A9-81BA-D51EC4BFF64E}
		{E9F72270-D031-41ED-9BA0-789C699E1450} = {F7521946-1F94-49A9-81BA-D51EC4BFF64E}
		{EBE9C985-26CE-4453-AF2E-CD6B3EC9C78F} = {F7521946-1F94-49A9-81BA-D51EC4BFF64E}
		{4A6099C9-3B34-4F82-A794-69A90ABFD3D8} = {F7521946-1F94-49A9-81BA-D51EC4BFF64E}
		{DD94F408-BEC4-41A6-BAA6-33E2CA94F946} = {F7521946-1F94-49A9-81BA-D51EC4BFF64E}
		{B252264F-E217-4188-9408-3CD67E3AA06F} = {F7521946-1F94-49A9-81BA-D51EC4BFF64E}
		{C554F316-E21D-4D19-ABCB-87D8D6BF8E9D} = {F7521946-1F94-49A9-81BA-D51EC4BFF64E}
		{ABB34E31-C736-4B11-AB50-8686EC4D1FFB} = {F7521946-1F94-49A9-81BA-D51EC4BFF64E}
		{F1DDC8C2-C88E-4831-A342-D019CC92E510} = {F7521946-1F94-49A9-81BA-D51EC4BFF64E}
		{11C8B614-6620-429F-AB66-3E1F0391CFE5} = {F7521946-1F94-49A9-81BA-D51EC4BFF64E}
		{09C4ED88-4F48-4076-9410-11200618977B} = {F7521946-1F94-49A9-81BA-D51EC4BFF64E}
		{7D0BF0AD-950C-4AEB-81B1-D4F7FC131CCE} = {F7521946-1F94-49A9-81BA-D51EC4BFF64E}
		{5D91C0EB-C1B7-4640-9B13-212BBEBC81BC} = {F7521946-1F94-49A9-81BA-D51EC4BFF64E}
		{2A624A2D-89EE-440C-A8FE-DE8CD61B8B53} = {F7521946-1F94-49A9-81BA-D51EC4BFF64E}
		{8E290724-1E9B-4D7F-9292-54126436B179} = {F7521946-1F94-49A9-81BA-D51EC4BFF64E}
		{A5F47AA9-3434-4BD4-A79E-60899DB21621} = {F7521946-1F94-49A9-81BA-D51EC4BFF64E}
		{7CD1A5E8-D590-44A4-A3F5-37719957D7C5} = {F7521946-1F94-49A9-81BA-D51EC4BFF64E}
		{0B7C4652-1F08-4CA8-A27C-FB84A34A2D9A} = {F7521946-1F94-49A9-81BA-D51EC4BFF64E}
		{7DA782B1-87B3-47F4-A58D-746F4F6FA1EE} = {F7521946-1F94-49A9-81BA-D51EC4BFF64E}
		{A531A2B9-9B42-46AB-B88A-45BB0225055F} = {F7521946-1F94-49A9-81BA-D51EC4BFF64E}
		{948D1870-2038-4551-B2C6-1A24F15D47D7} = {F7521946-1F94-49A9-81BA-D51EC4BFF64E}
		{02427513-5D58-4277-93D5-A88BD4D1A800} = {F7521946-1F94-49A9-81BA-D51EC4BFF64E}
		{95C22AE4-C073-432E-A826-776ADBB13D35} = {F7521946-1F94-49A9-81BA-D51EC4BFF64E}
		{4134ED1D-98B6-4946-8677-5635582CED24} = {F7521946-1F94-49A9-81BA-D51EC4BFF64E}
		{C687AE4D-E632-4EB6-BF9A-A073E86BFCA0} = {F7521946-1F94-49A9-81BA-D51EC4BFF64E}
		{0C63FDDF-A474-426B-B4F4-4815C578C6AC} = {F7521946-1F94-49A9-81BA-D51EC4BFF64E}
		{45855C1B-A526-4A46-A69B-45B0C65498B3} = {F7521946-1F94-49A9-81BA-D51EC4BFF64E}
		{04A56DEF-5A30-4648-9882-FE7EF9899540} = {F7521946-1F94-49A9-81BA-D51EC4BFF64E}
		{43EF2BC6-53AF-462F-814D-AD1BE70DC2E6} = {F7521946-1F94-49A9-81BA-D51EC4BFF64E}
		{FE8DB838-3D47-4EA0-A39F-3CBB87BC08EE} = {F7521946-1F94-49A9-81BA-D51EC4BFF64E}
		{B3E9DD1B-D9F4-47E0-8656-69AEC5EB83CD} = {F7521946-1F94-49A9-81BA-D51EC4BFF64E}
		{D44C660F-1C87-4733-93B2-872DDA8E6567} = {F7521946-1F94-49A9-81BA-D51EC4BFF64E}
		{9A1F7FB1-3391-46E0-BA69-0ACB463F8AAD} = {F7521946-1F94-49A9-81BA-D51EC4BFF64E}
		{D34D7B58-2762-4F3C-A7C6-95C6FEDC5407} = {F7521946-1F94-49A9-81BA-D51EC4BFF64E}
		{5FB9E7B3-4C8F-4DEB-BC2C-5D958ACAB0EE} = {F7521946-1F94-49A9-81BA-D51EC4BFF64E}
		{C4F431A8-3EBD-4632-B094-D9EC8AE22DC9} = {F7521946-1F94-49A9-81BA-D51EC4BFF64E}
		{0BDA2730-92FD-47E3-A906-37AC7AE73C16} = {F7521946-1F94-49A9-81BA-D51EC4BFF64E}
		{2C8F0C45-AD26-4503-A668-6BEE542CCA8F} = {F7521946-1F94-49A9-81BA-D51EC4BFF64E}
		{4B825C77-EE76-4211-ADE1-E4CC326AC481} = {F7521946-1F94-49A9-81BA-D51EC4BFF64E}
		{3A5F8621-F6B2-451A-908D-FE59F00115B6} = {F7521946-1F94-49A9-81BA-D51EC4BFF64E}
	EndGlobalSection
	GlobalSection(ExtensibilityGlobals) = postSolution
		SolutionGuid = {CE0D4B3D-1B24-42C9-8C9B-2F49C103A796}
	EndGlobalSection
EndGlobal
