
Microsoft Visual Studio Solution File, Format Version 12.00
# Visual Studio Version 17
VisualStudioVersion = 17.2.32630.192
MinimumVisualStudioVersion = 10.0.40219.1
Project("{9A19103F-16F7-4668-BE54-9A1E7A4F7556}") = "R5T.F0045.Construction", "R5T.F0045.Construction\R5T.F0045.Construction.csproj", "{BE7B220E-149F-4391-8A11-0CBDC22019EE}"
EndProject
Project("{9A19103F-16F7-4668-BE54-9A1E7A4F7556}") = "R5T.F0045", "R5T.F0045\R5T.F0045.csproj", "{9FA7156B-5F96-4E24-929A-9875BD169F53}"
EndProject
Project("{2150E333-8FDC-42A3-9474-1A3956D46DE8}") = "_Dependencies", "_Dependencies", "{7D4D40E6-DEB0-4B19-9DD9-45FE8DF9AB89}"
EndProject
Project("{9A19103F-16F7-4668-BE54-9A1E7A4F7556}") = "R5T.F0000", "..\..\R5T.F0000\source\R5T.F0000\R5T.F0000.csproj", "{5527F762-BB0B-4610-834C-B2E8ADE0C049}"
EndProject
Project("{9A19103F-16F7-4668-BE54-9A1E7A4F7556}") = "R5T.F0002", "..\..\R5T.F0002\source\R5T.F0002\R5T.F0002.csproj", "{F166904C-91CD-4E14-8844-2BF39591E48F}"
EndProject
Project("{9A19103F-16F7-4668-BE54-9A1E7A4F7556}") = "R5T.F0016.F001", "..\..\R5T.F0016\source\R5T.F0016.F001\R5T.F0016.F001.csproj", "{B668BBC7-C9C0-407E-A82D-627BCFD092B6}"
EndProject
Project("{9A19103F-16F7-4668-BE54-9A1E7A4F7556}") = "R5T.F0016", "..\..\R5T.F0016\source\R5T.F0016\R5T.F0016.csproj", "{466C916D-3A2F-430F-96AB-1043DA7164D2}"
EndProject
Project("{9A19103F-16F7-4668-BE54-9A1E7A4F7556}") = "R5T.F0019", "..\..\R5T.F0019\source\R5T.F0019\R5T.F0019.csproj", "{8F23FD6B-56C5-4649-A642-8E3510F13CAA}"
EndProject
Project("{9A19103F-16F7-4668-BE54-9A1E7A4F7556}") = "R5T.F0020", "..\..\R5T.F0020\source\R5T.F0020\R5T.F0020.csproj", "{EDC47E51-A271-45CD-86BD-C6D36E678A23}"
EndProject
Project("{9A19103F-16F7-4668-BE54-9A1E7A4F7556}") = "R5T.F0024.T001", "..\..\R5T.F0024\source\R5T.F0024.T001\R5T.F0024.T001.csproj", "{C999E73E-3781-4A3F-BFEA-5964B5B26893}"
EndProject
Project("{9A19103F-16F7-4668-BE54-9A1E7A4F7556}") = "R5T.F0024", "..\..\R5T.F0024\source\R5T.F0024\R5T.F0024.csproj", "{D2840A60-1CA6-4A62-9503-652D9EED3950}"
EndProject
Project("{9A19103F-16F7-4668-BE54-9A1E7A4F7556}") = "R5T.F0032", "..\..\R5T.F0032\source\R5T.F0032\R5T.F0032.csproj", "{B61BF309-E5D3-4010-A3AB-04F6A2D26346}"
EndProject
Project("{9A19103F-16F7-4668-BE54-9A1E7A4F7556}") = "R5T.F0040.F000", "..\..\R5T.F0040\source\R5T.F0040.F000\R5T.F0040.F000.csproj", "{6EB8C0C2-EDC1-4E60-AB55-A3C252D12FB3}"
EndProject
Project("{9A19103F-16F7-4668-BE54-9A1E7A4F7556}") = "R5T.F0041", "..\..\R5T.F0041\source\R5T.F0041\R5T.F0041.csproj", "{9C824B3A-35DF-4E52-B83C-B1EA8F0073AC}"
EndProject
Project("{9A19103F-16F7-4668-BE54-9A1E7A4F7556}") = "R5T.F0042", "..\..\R5T.F0042\source\R5T.F0042\R5T.F0042.csproj", "{A9154A82-5717-4368-A8D2-A47107103C3D}"
EndProject
Project("{9A19103F-16F7-4668-BE54-9A1E7A4F7556}") = "R5T.F0043", "..\..\R5T.F0043\source\R5T.F0043\R5T.F0043.csproj", "{151105DA-FED4-4150-A728-0ED876BBBE6B}"
EndProject
Project("{9A19103F-16F7-4668-BE54-9A1E7A4F7556}") = "R5T.F0044", "..\..\R5T.F0044\source\R5T.F0044\R5T.F0044.csproj", "{9DE3A516-945D-4126-8239-7795A79369A2}"
EndProject
Project("{9A19103F-16F7-4668-BE54-9A1E7A4F7556}") = "R5T.F0046", "..\..\R5T.F0046\source\R5T.F0046\R5T.F0046.csproj", "{9BC8364A-F545-4ED3-9A61-47CF81565CB0}"
EndProject
Project("{9A19103F-16F7-4668-BE54-9A1E7A4F7556}") = "R5T.F0047", "..\..\R5T.F0047\source\R5T.F0047\R5T.F0047.csproj", "{9210EBBC-9958-4903-BA7F-892ADD3B7AA1}"
EndProject
Project("{9A19103F-16F7-4668-BE54-9A1E7A4F7556}") = "R5T.F0048", "..\..\R5T.F0048\source\R5T.F0048\R5T.F0048.csproj", "{67C9A6B7-D4B2-4B88-9653-D9FD82E9D179}"
EndProject
Project("{9A19103F-16F7-4668-BE54-9A1E7A4F7556}") = "R5T.F0049", "..\..\R5T.F0049\source\R5T.F0049\R5T.F0049.csproj", "{AF00A447-63D9-4C2F-B671-207568BE83A1}"
EndProject
Project("{9A19103F-16F7-4668-BE54-9A1E7A4F7556}") = "R5T.F0050", "..\..\R5T.F0050\source\R5T.F0050\R5T.F0050.csproj", "{9D37189F-493E-4AB5-8FF1-D3318C177B31}"
EndProject
Project("{9A19103F-16F7-4668-BE54-9A1E7A4F7556}") = "R5T.F0051", "..\..\R5T.F0051\source\R5T.F0051\R5T.F0051.csproj", "{2BB35BAB-C120-46E2-A596-58367C0BC44D}"
EndProject
Project("{9A19103F-16F7-4668-BE54-9A1E7A4F7556}") = "R5T.F0052", "..\..\R5T.F0052\source\R5T.F0052\R5T.F0052.csproj", "{1F6D1792-83BD-43C9-A6D7-BAF1E42252EE}"
EndProject
Project("{9A19103F-16F7-4668-BE54-9A1E7A4F7556}") = "R5T.F0053", "..\..\R5T.F0053\source\R5T.F0053\R5T.F0053.csproj", "{7BC4876E-6768-4936-A00D-D62378A61942}"
EndProject
Project("{9A19103F-16F7-4668-BE54-9A1E7A4F7556}") = "R5T.F0054", "..\..\R5T.F0054\source\R5T.F0054\R5T.F0054.csproj", "{EF33B340-4925-4322-B26C-48DD707BDC2F}"
EndProject
Project("{9A19103F-16F7-4668-BE54-9A1E7A4F7556}") = "R5T.F0055", "..\..\R5T.F0055\source\R5T.F0055\R5T.F0055.csproj", "{A71FF45B-6373-40DF-AB06-D505DC86A48B}"
EndProject
Project("{9A19103F-16F7-4668-BE54-9A1E7A4F7556}") = "R5T.F0056", "..\..\R5T.F0056\source\R5T.F0056\R5T.F0056.csproj", "{3F00AAFB-FDD6-4F35-ADB4-03D30E161D08}"
EndProject
Project("{9A19103F-16F7-4668-BE54-9A1E7A4F7556}") = "R5T.F0057", "..\..\R5T.F0057\source\R5T.F0057\R5T.F0057.csproj", "{DBFA96C3-6B29-4713-ACBA-CA698571D4EB}"
EndProject
Project("{9A19103F-16F7-4668-BE54-9A1E7A4F7556}") = "R5T.F0063.F001", "..\..\R5T.F0063\source\R5T.F0063.F001\R5T.F0063.F001.csproj", "{FCB782D1-AA4D-471D-9E1A-309A2FFB5DFD}"
EndProject
Project("{9A19103F-16F7-4668-BE54-9A1E7A4F7556}") = "R5T.F0063", "..\..\R5T.F0063\source\R5T.F0063\R5T.F0063.csproj", "{19F80168-64AF-4825-9643-EB28E70BAFAA}"
EndProject
Project("{9A19103F-16F7-4668-BE54-9A1E7A4F7556}") = "R5T.L0001.Y000", "..\..\R5T.L0001\source\R5T.L0001.Y000\R5T.L0001.Y000.csproj", "{CF378DC9-3FAC-4C75-A1D8-3121A116FC2E}"
EndProject
Project("{9A19103F-16F7-4668-BE54-9A1E7A4F7556}") = "R5T.L0001.Z000", "..\..\R5T.L0001\source\R5T.L0001.Z000\R5T.L0001.Z000.csproj", "{0524B1E6-8831-4034-91DE-1DBC94A12047}"
EndProject
Project("{9A19103F-16F7-4668-BE54-9A1E7A4F7556}") = "R5T.L0001", "..\..\R5T.L0001\source\R5T.L0001\R5T.L0001.csproj", "{CDAF17EC-74E2-4B72-85BF-B97E74C6DDF2}"
EndProject
Project("{9A19103F-16F7-4668-BE54-9A1E7A4F7556}") = "R5T.NG0005", "..\..\R5T.NG0005\source\R5T.NG0005\R5T.NG0005.csproj", "{390B6164-002E-48FA-9286-CCB6C748E0C8}"
EndProject
Project("{9A19103F-16F7-4668-BE54-9A1E7A4F7556}") = "R5T.NG0006", "..\..\R5T.NG0006\source\R5T.NG0006\R5T.NG0006.csproj", "{E3E49FDE-8C30-4F7B-9569-4CBAB32C798D}"
EndProject
Project("{9A19103F-16F7-4668-BE54-9A1E7A4F7556}") = "R5T.NG0008", "..\..\R5T.NG0008\source\R5T.NG0008\R5T.NG0008.csproj", "{4DAFE345-0DBC-43ED-B169-3DBF8358D099}"
EndProject
Project("{9A19103F-16F7-4668-BE54-9A1E7A4F7556}") = "R5T.T0046", "..\..\R5T.T0046\source\R5T.T0046\R5T.T0046.csproj", "{E8C07B29-0546-494E-822E-8A6A3BBE782F}"
EndProject
Project("{9A19103F-16F7-4668-BE54-9A1E7A4F7556}") = "R5T.T0131", "..\..\R5T.T0131\source\R5T.T0131\R5T.T0131.csproj", "{D2CEB54B-B0DC-4761-8AA7-A1DC4836B1C7}"
EndProject
Project("{9A19103F-16F7-4668-BE54-9A1E7A4F7556}") = "R5T.T0132", "..\..\R5T.T0132\source\R5T.T0132\R5T.T0132.csproj", "{BDB30490-3A96-4E8A-83A4-BC8DA2F3FEB8}"
EndProject
Project("{9A19103F-16F7-4668-BE54-9A1E7A4F7556}") = "R5T.T0142", "..\..\R5T.T0142\source\R5T.T0142\R5T.T0142.csproj", "{9AFBEE42-BF61-413B-BC91-0C62F679DAE6}"
EndProject
Project("{9A19103F-16F7-4668-BE54-9A1E7A4F7556}") = "R5T.T0143", "..\..\R5T.T0143\source\R5T.T0143\R5T.T0143.csproj", "{413C2DF3-914C-4BD9-9CB8-FFEC1162FFB5}"
EndProject
Project("{9A19103F-16F7-4668-BE54-9A1E7A4F7556}") = "R5T.T0144", "..\..\R5T.T0144\source\R5T.T0144\R5T.T0144.csproj", "{4B407267-CC90-4BDA-85A6-98AD944BE71E}"
EndProject
Project("{9A19103F-16F7-4668-BE54-9A1E7A4F7556}") = "R5T.Y0000", "..\..\R5T.Y0000\source\R5T.Y0000\R5T.Y0000.csproj", "{2B827B59-1EE3-4C22-A0CC-C25B33B05586}"
EndProject
Project("{9A19103F-16F7-4668-BE54-9A1E7A4F7556}") = "R5T.Y0004", "..\..\R5T.Y0004\source\R5T.Y0004\R5T.Y0004.csproj", "{82A15D4D-3220-49D3-841D-783F8CB1C7D8}"
EndProject
Project("{9A19103F-16F7-4668-BE54-9A1E7A4F7556}") = "R5T.Z0000", "..\..\R5T.Z0000\source\R5T.Z0000\R5T.Z0000.csproj", "{B9A7577F-3D6E-45FF-AE68-FC69B5EEDAC7}"
EndProject
Project("{9A19103F-16F7-4668-BE54-9A1E7A4F7556}") = "R5T.Z0005", "..\..\R5T.Z0005\source\R5T.Z0005\R5T.Z0005.csproj", "{72C594E9-05E1-46BB-AAB2-7D9FDEB12CAD}"
EndProject
Project("{9A19103F-16F7-4668-BE54-9A1E7A4F7556}") = "R5T.Z0009", "..\..\R5T.Z0009\source\R5T.Z0009\R5T.Z0009.csproj", "{EC226241-9943-4EDC-8382-17A05847E210}"
EndProject
Project("{9A19103F-16F7-4668-BE54-9A1E7A4F7556}") = "R5T.Z0013", "..\..\R5T.Z0013\source\R5T.Z0013\R5T.Z0013.csproj", "{9D81D98E-95A5-4134-92E4-AC4F59009EC7}"
EndProject
Global
	GlobalSection(NestedProjects) = preSolution
		{5527F762-BB0B-4610-834C-B2E8ADE0C049} = {7D4D40E6-DEB0-4B19-9DD9-45FE8DF9AB89}
		{F166904C-91CD-4E14-8844-2BF39591E48F} = {7D4D40E6-DEB0-4B19-9DD9-45FE8DF9AB89}
		{B668BBC7-C9C0-407E-A82D-627BCFD092B6} = {7D4D40E6-DEB0-4B19-9DD9-45FE8DF9AB89}
		{466C916D-3A2F-430F-96AB-1043DA7164D2} = {7D4D40E6-DEB0-4B19-9DD9-45FE8DF9AB89}
		{8F23FD6B-56C5-4649-A642-8E3510F13CAA} = {7D4D40E6-DEB0-4B19-9DD9-45FE8DF9AB89}
		{EDC47E51-A271-45CD-86BD-C6D36E678A23} = {7D4D40E6-DEB0-4B19-9DD9-45FE8DF9AB89}
		{C999E73E-3781-4A3F-BFEA-5964B5B26893} = {7D4D40E6-DEB0-4B19-9DD9-45FE8DF9AB89}
		{D2840A60-1CA6-4A62-9503-652D9EED3950} = {7D4D40E6-DEB0-4B19-9DD9-45FE8DF9AB89}
		{B61BF309-E5D3-4010-A3AB-04F6A2D26346} = {7D4D40E6-DEB0-4B19-9DD9-45FE8DF9AB89}
		{6EB8C0C2-EDC1-4E60-AB55-A3C252D12FB3} = {7D4D40E6-DEB0-4B19-9DD9-45FE8DF9AB89}
		{9C824B3A-35DF-4E52-B83C-B1EA8F0073AC} = {7D4D40E6-DEB0-4B19-9DD9-45FE8DF9AB89}
		{A9154A82-5717-4368-A8D2-A47107103C3D} = {7D4D40E6-DEB0-4B19-9DD9-45FE8DF9AB89}
		{151105DA-FED4-4150-A728-0ED876BBBE6B} = {7D4D40E6-DEB0-4B19-9DD9-45FE8DF9AB89}
		{9DE3A516-945D-4126-8239-7795A79369A2} = {7D4D40E6-DEB0-4B19-9DD9-45FE8DF9AB89}
		{9BC8364A-F545-4ED3-9A61-47CF81565CB0} = {7D4D40E6-DEB0-4B19-9DD9-45FE8DF9AB89}
		{9210EBBC-9958-4903-BA7F-892ADD3B7AA1} = {7D4D40E6-DEB0-4B19-9DD9-45FE8DF9AB89}
		{67C9A6B7-D4B2-4B88-9653-D9FD82E9D179} = {7D4D40E6-DEB0-4B19-9DD9-45FE8DF9AB89}
		{AF00A447-63D9-4C2F-B671-207568BE83A1} = {7D4D40E6-DEB0-4B19-9DD9-45FE8DF9AB89}
		{9D37189F-493E-4AB5-8FF1-D3318C177B31} = {7D4D40E6-DEB0-4B19-9DD9-45FE8DF9AB89}
		{2BB35BAB-C120-46E2-A596-58367C0BC44D} = {7D4D40E6-DEB0-4B19-9DD9-45FE8DF9AB89}
		{1F6D1792-83BD-43C9-A6D7-BAF1E42252EE} = {7D4D40E6-DEB0-4B19-9DD9-45FE8DF9AB89}
		{7BC4876E-6768-4936-A00D-D62378A61942} = {7D4D40E6-DEB0-4B19-9DD9-45FE8DF9AB89}
		{EF33B340-4925-4322-B26C-48DD707BDC2F} = {7D4D40E6-DEB0-4B19-9DD9-45FE8DF9AB89}
		{A71FF45B-6373-40DF-AB06-D505DC86A48B} = {7D4D40E6-DEB0-4B19-9DD9-45FE8DF9AB89}
		{3F00AAFB-FDD6-4F35-ADB4-03D30E161D08} = {7D4D40E6-DEB0-4B19-9DD9-45FE8DF9AB89}
		{DBFA96C3-6B29-4713-ACBA-CA698571D4EB} = {7D4D40E6-DEB0-4B19-9DD9-45FE8DF9AB89}
		{FCB782D1-AA4D-471D-9E1A-309A2FFB5DFD} = {7D4D40E6-DEB0-4B19-9DD9-45FE8DF9AB89}
		{19F80168-64AF-4825-9643-EB28E70BAFAA} = {7D4D40E6-DEB0-4B19-9DD9-45FE8DF9AB89}
		{CF378DC9-3FAC-4C75-A1D8-3121A116FC2E} = {7D4D40E6-DEB0-4B19-9DD9-45FE8DF9AB89}
		{0524B1E6-8831-4034-91DE-1DBC94A12047} = {7D4D40E6-DEB0-4B19-9DD9-45FE8DF9AB89}
		{CDAF17EC-74E2-4B72-85BF-B97E74C6DDF2} = {7D4D40E6-DEB0-4B19-9DD9-45FE8DF9AB89}
		{390B6164-002E-48FA-9286-CCB6C748E0C8} = {7D4D40E6-DEB0-4B19-9DD9-45FE8DF9AB89}
		{E3E49FDE-8C30-4F7B-9569-4CBAB32C798D} = {7D4D40E6-DEB0-4B19-9DD9-45FE8DF9AB89}
		{4DAFE345-0DBC-43ED-B169-3DBF8358D099} = {7D4D40E6-DEB0-4B19-9DD9-45FE8DF9AB89}
		{E8C07B29-0546-494E-822E-8A6A3BBE782F} = {7D4D40E6-DEB0-4B19-9DD9-45FE8DF9AB89}
		{D2CEB54B-B0DC-4761-8AA7-A1DC4836B1C7} = {7D4D40E6-DEB0-4B19-9DD9-45FE8DF9AB89}
		{BDB30490-3A96-4E8A-83A4-BC8DA2F3FEB8} = {7D4D40E6-DEB0-4B19-9DD9-45FE8DF9AB89}
		{9AFBEE42-BF61-413B-BC91-0C62F679DAE6} = {7D4D40E6-DEB0-4B19-9DD9-45FE8DF9AB89}
		{413C2DF3-914C-4BD9-9CB8-FFEC1162FFB5} = {7D4D40E6-DEB0-4B19-9DD9-45FE8DF9AB89}
		{4B407267-CC90-4BDA-85A6-98AD944BE71E} = {7D4D40E6-DEB0-4B19-9DD9-45FE8DF9AB89}
		{2B827B59-1EE3-4C22-A0CC-C25B33B05586} = {7D4D40E6-DEB0-4B19-9DD9-45FE8DF9AB89}
		{82A15D4D-3220-49D3-841D-783F8CB1C7D8} = {7D4D40E6-DEB0-4B19-9DD9-45FE8DF9AB89}
		{B9A7577F-3D6E-45FF-AE68-FC69B5EEDAC7} = {7D4D40E6-DEB0-4B19-9DD9-45FE8DF9AB89}
		{72C594E9-05E1-46BB-AAB2-7D9FDEB12CAD} = {7D4D40E6-DEB0-4B19-9DD9-45FE8DF9AB89}
		{EC226241-9943-4EDC-8382-17A05847E210} = {7D4D40E6-DEB0-4B19-9DD9-45FE8DF9AB89}
		{9D81D98E-95A5-4134-92E4-AC4F59009EC7} = {7D4D40E6-DEB0-4B19-9DD9-45FE8DF9AB89}
	EndGlobalSection
	GlobalSection(SolutionConfigurationPlatforms) = preSolution
		Debug|Any CPU = Debug|Any CPU
		Release|Any CPU = Release|Any CPU
	EndGlobalSection
	GlobalSection(ProjectConfigurationPlatforms) = postSolution
		{BE7B220E-149F-4391-8A11-0CBDC22019EE}.Debug|Any CPU.ActiveCfg = Debug|Any CPU
		{BE7B220E-149F-4391-8A11-0CBDC22019EE}.Debug|Any CPU.Build.0 = Debug|Any CPU
		{BE7B220E-149F-4391-8A11-0CBDC22019EE}.Release|Any CPU.ActiveCfg = Release|Any CPU
		{BE7B220E-149F-4391-8A11-0CBDC22019EE}.Release|Any CPU.Build.0 = Release|Any CPU
		{9FA7156B-5F96-4E24-929A-9875BD169F53}.Debug|Any CPU.ActiveCfg = Debug|Any CPU
		{9FA7156B-5F96-4E24-929A-9875BD169F53}.Debug|Any CPU.Build.0 = Debug|Any CPU
		{9FA7156B-5F96-4E24-929A-9875BD169F53}.Release|Any CPU.ActiveCfg = Release|Any CPU
		{9FA7156B-5F96-4E24-929A-9875BD169F53}.Release|Any CPU.Build.0 = Release|Any CPU
		{5527F762-BB0B-4610-834C-B2E8ADE0C049}.Debug|Any CPU.ActiveCfg = Debug|Any CPU
		{5527F762-BB0B-4610-834C-B2E8ADE0C049}.Debug|Any CPU.Build.0 = Debug|Any CPU
		{5527F762-BB0B-4610-834C-B2E8ADE0C049}.Release|Any CPU.ActiveCfg = Release|Any CPU
		{5527F762-BB0B-4610-834C-B2E8ADE0C049}.Release|Any CPU.Build.0 = Release|Any CPU
		{F166904C-91CD-4E14-8844-2BF39591E48F}.Debug|Any CPU.ActiveCfg = Debug|Any CPU
		{F166904C-91CD-4E14-8844-2BF39591E48F}.Debug|Any CPU.Build.0 = Debug|Any CPU
		{F166904C-91CD-4E14-8844-2BF39591E48F}.Release|Any CPU.ActiveCfg = Release|Any CPU
		{F166904C-91CD-4E14-8844-2BF39591E48F}.Release|Any CPU.Build.0 = Release|Any CPU
		{B668BBC7-C9C0-407E-A82D-627BCFD092B6}.Debug|Any CPU.ActiveCfg = Debug|Any CPU
		{B668BBC7-C9C0-407E-A82D-627BCFD092B6}.Debug|Any CPU.Build.0 = Debug|Any CPU
		{B668BBC7-C9C0-407E-A82D-627BCFD092B6}.Release|Any CPU.ActiveCfg = Release|Any CPU
		{B668BBC7-C9C0-407E-A82D-627BCFD092B6}.Release|Any CPU.Build.0 = Release|Any CPU
		{466C916D-3A2F-430F-96AB-1043DA7164D2}.Debug|Any CPU.ActiveCfg = Debug|Any CPU
		{466C916D-3A2F-430F-96AB-1043DA7164D2}.Debug|Any CPU.Build.0 = Debug|Any CPU
		{466C916D-3A2F-430F-96AB-1043DA7164D2}.Release|Any CPU.ActiveCfg = Release|Any CPU
		{466C916D-3A2F-430F-96AB-1043DA7164D2}.Release|Any CPU.Build.0 = Release|Any CPU
		{8F23FD6B-56C5-4649-A642-8E3510F13CAA}.Debug|Any CPU.ActiveCfg = Debug|Any CPU
		{8F23FD6B-56C5-4649-A642-8E3510F13CAA}.Debug|Any CPU.Build.0 = Debug|Any CPU
		{8F23FD6B-56C5-4649-A642-8E3510F13CAA}.Release|Any CPU.ActiveCfg = Release|Any CPU
		{8F23FD6B-56C5-4649-A642-8E3510F13CAA}.Release|Any CPU.Build.0 = Release|Any CPU
		{EDC47E51-A271-45CD-86BD-C6D36E678A23}.Debug|Any CPU.ActiveCfg = Debug|Any CPU
		{EDC47E51-A271-45CD-86BD-C6D36E678A23}.Debug|Any CPU.Build.0 = Debug|Any CPU
		{EDC47E51-A271-45CD-86BD-C6D36E678A23}.Release|Any CPU.ActiveCfg = Release|Any CPU
		{EDC47E51-A271-45CD-86BD-C6D36E678A23}.Release|Any CPU.Build.0 = Release|Any CPU
		{C999E73E-3781-4A3F-BFEA-5964B5B26893}.Debug|Any CPU.ActiveCfg = Debug|Any CPU
		{C999E73E-3781-4A3F-BFEA-5964B5B26893}.Debug|Any CPU.Build.0 = Debug|Any CPU
		{C999E73E-3781-4A3F-BFEA-5964B5B26893}.Release|Any CPU.ActiveCfg = Release|Any CPU
		{C999E73E-3781-4A3F-BFEA-5964B5B26893}.Release|Any CPU.Build.0 = Release|Any CPU
		{D2840A60-1CA6-4A62-9503-652D9EED3950}.Debug|Any CPU.ActiveCfg = Debug|Any CPU
		{D2840A60-1CA6-4A62-9503-652D9EED3950}.Debug|Any CPU.Build.0 = Debug|Any CPU
		{D2840A60-1CA6-4A62-9503-652D9EED3950}.Release|Any CPU.ActiveCfg = Release|Any CPU
		{D2840A60-1CA6-4A62-9503-652D9EED3950}.Release|Any CPU.Build.0 = Release|Any CPU
		{B61BF309-E5D3-4010-A3AB-04F6A2D26346}.Debug|Any CPU.ActiveCfg = Debug|Any CPU
		{B61BF309-E5D3-4010-A3AB-04F6A2D26346}.Debug|Any CPU.Build.0 = Debug|Any CPU
		{B61BF309-E5D3-4010-A3AB-04F6A2D26346}.Release|Any CPU.ActiveCfg = Release|Any CPU
		{B61BF309-E5D3-4010-A3AB-04F6A2D26346}.Release|Any CPU.Build.0 = Release|Any CPU
		{6EB8C0C2-EDC1-4E60-AB55-A3C252D12FB3}.Debug|Any CPU.ActiveCfg = Debug|Any CPU
		{6EB8C0C2-EDC1-4E60-AB55-A3C252D12FB3}.Debug|Any CPU.Build.0 = Debug|Any CPU
		{6EB8C0C2-EDC1-4E60-AB55-A3C252D12FB3}.Release|Any CPU.ActiveCfg = Release|Any CPU
		{6EB8C0C2-EDC1-4E60-AB55-A3C252D12FB3}.Release|Any CPU.Build.0 = Release|Any CPU
		{9C824B3A-35DF-4E52-B83C-B1EA8F0073AC}.Debug|Any CPU.ActiveCfg = Debug|Any CPU
		{9C824B3A-35DF-4E52-B83C-B1EA8F0073AC}.Debug|Any CPU.Build.0 = Debug|Any CPU
		{9C824B3A-35DF-4E52-B83C-B1EA8F0073AC}.Release|Any CPU.ActiveCfg = Release|Any CPU
		{9C824B3A-35DF-4E52-B83C-B1EA8F0073AC}.Release|Any CPU.Build.0 = Release|Any CPU
		{A9154A82-5717-4368-A8D2-A47107103C3D}.Debug|Any CPU.ActiveCfg = Debug|Any CPU
		{A9154A82-5717-4368-A8D2-A47107103C3D}.Debug|Any CPU.Build.0 = Debug|Any CPU
		{A9154A82-5717-4368-A8D2-A47107103C3D}.Release|Any CPU.ActiveCfg = Release|Any CPU
		{A9154A82-5717-4368-A8D2-A47107103C3D}.Release|Any CPU.Build.0 = Release|Any CPU
		{151105DA-FED4-4150-A728-0ED876BBBE6B}.Debug|Any CPU.ActiveCfg = Debug|Any CPU
		{151105DA-FED4-4150-A728-0ED876BBBE6B}.Debug|Any CPU.Build.0 = Debug|Any CPU
		{151105DA-FED4-4150-A728-0ED876BBBE6B}.Release|Any CPU.ActiveCfg = Release|Any CPU
		{151105DA-FED4-4150-A728-0ED876BBBE6B}.Release|Any CPU.Build.0 = Release|Any CPU
		{9DE3A516-945D-4126-8239-7795A79369A2}.Debug|Any CPU.ActiveCfg = Debug|Any CPU
		{9DE3A516-945D-4126-8239-7795A79369A2}.Debug|Any CPU.Build.0 = Debug|Any CPU
		{9DE3A516-945D-4126-8239-7795A79369A2}.Release|Any CPU.ActiveCfg = Release|Any CPU
		{9DE3A516-945D-4126-8239-7795A79369A2}.Release|Any CPU.Build.0 = Release|Any CPU
		{9BC8364A-F545-4ED3-9A61-47CF81565CB0}.Debug|Any CPU.ActiveCfg = Debug|Any CPU
		{9BC8364A-F545-4ED3-9A61-47CF81565CB0}.Debug|Any CPU.Build.0 = Debug|Any CPU
		{9BC8364A-F545-4ED3-9A61-47CF81565CB0}.Release|Any CPU.ActiveCfg = Release|Any CPU
		{9BC8364A-F545-4ED3-9A61-47CF81565CB0}.Release|Any CPU.Build.0 = Release|Any CPU
		{9210EBBC-9958-4903-BA7F-892ADD3B7AA1}.Debug|Any CPU.ActiveCfg = Debug|Any CPU
		{9210EBBC-9958-4903-BA7F-892ADD3B7AA1}.Debug|Any CPU.Build.0 = Debug|Any CPU
		{9210EBBC-9958-4903-BA7F-892ADD3B7AA1}.Release|Any CPU.ActiveCfg = Release|Any CPU
		{9210EBBC-9958-4903-BA7F-892ADD3B7AA1}.Release|Any CPU.Build.0 = Release|Any CPU
		{67C9A6B7-D4B2-4B88-9653-D9FD82E9D179}.Debug|Any CPU.ActiveCfg = Debug|Any CPU
		{67C9A6B7-D4B2-4B88-9653-D9FD82E9D179}.Debug|Any CPU.Build.0 = Debug|Any CPU
		{67C9A6B7-D4B2-4B88-9653-D9FD82E9D179}.Release|Any CPU.ActiveCfg = Release|Any CPU
		{67C9A6B7-D4B2-4B88-9653-D9FD82E9D179}.Release|Any CPU.Build.0 = Release|Any CPU
		{AF00A447-63D9-4C2F-B671-207568BE83A1}.Debug|Any CPU.ActiveCfg = Debug|Any CPU
		{AF00A447-63D9-4C2F-B671-207568BE83A1}.Debug|Any CPU.Build.0 = Debug|Any CPU
		{AF00A447-63D9-4C2F-B671-207568BE83A1}.Release|Any CPU.ActiveCfg = Release|Any CPU
		{AF00A447-63D9-4C2F-B671-207568BE83A1}.Release|Any CPU.Build.0 = Release|Any CPU
		{9D37189F-493E-4AB5-8FF1-D3318C177B31}.Debug|Any CPU.ActiveCfg = Debug|Any CPU
		{9D37189F-493E-4AB5-8FF1-D3318C177B31}.Debug|Any CPU.Build.0 = Debug|Any CPU
		{9D37189F-493E-4AB5-8FF1-D3318C177B31}.Release|Any CPU.ActiveCfg = Release|Any CPU
		{9D37189F-493E-4AB5-8FF1-D3318C177B31}.Release|Any CPU.Build.0 = Release|Any CPU
		{2BB35BAB-C120-46E2-A596-58367C0BC44D}.Debug|Any CPU.ActiveCfg = Debug|Any CPU
		{2BB35BAB-C120-46E2-A596-58367C0BC44D}.Debug|Any CPU.Build.0 = Debug|Any CPU
		{2BB35BAB-C120-46E2-A596-58367C0BC44D}.Release|Any CPU.ActiveCfg = Release|Any CPU
		{2BB35BAB-C120-46E2-A596-58367C0BC44D}.Release|Any CPU.Build.0 = Release|Any CPU
		{1F6D1792-83BD-43C9-A6D7-BAF1E42252EE}.Debug|Any CPU.ActiveCfg = Debug|Any CPU
		{1F6D1792-83BD-43C9-A6D7-BAF1E42252EE}.Debug|Any CPU.Build.0 = Debug|Any CPU
		{1F6D1792-83BD-43C9-A6D7-BAF1E42252EE}.Release|Any CPU.ActiveCfg = Release|Any CPU
		{1F6D1792-83BD-43C9-A6D7-BAF1E42252EE}.Release|Any CPU.Build.0 = Release|Any CPU
		{7BC4876E-6768-4936-A00D-D62378A61942}.Debug|Any CPU.ActiveCfg = Debug|Any CPU
		{7BC4876E-6768-4936-A00D-D62378A61942}.Debug|Any CPU.Build.0 = Debug|Any CPU
		{7BC4876E-6768-4936-A00D-D62378A61942}.Release|Any CPU.ActiveCfg = Release|Any CPU
		{7BC4876E-6768-4936-A00D-D62378A61942}.Release|Any CPU.Build.0 = Release|Any CPU
		{EF33B340-4925-4322-B26C-48DD707BDC2F}.Debug|Any CPU.ActiveCfg = Debug|Any CPU
		{EF33B340-4925-4322-B26C-48DD707BDC2F}.Debug|Any CPU.Build.0 = Debug|Any CPU
		{EF33B340-4925-4322-B26C-48DD707BDC2F}.Release|Any CPU.ActiveCfg = Release|Any CPU
		{EF33B340-4925-4322-B26C-48DD707BDC2F}.Release|Any CPU.Build.0 = Release|Any CPU
		{A71FF45B-6373-40DF-AB06-D505DC86A48B}.Debug|Any CPU.ActiveCfg = Debug|Any CPU
		{A71FF45B-6373-40DF-AB06-D505DC86A48B}.Debug|Any CPU.Build.0 = Debug|Any CPU
		{A71FF45B-6373-40DF-AB06-D505DC86A48B}.Release|Any CPU.ActiveCfg = Release|Any CPU
		{A71FF45B-6373-40DF-AB06-D505DC86A48B}.Release|Any CPU.Build.0 = Release|Any CPU
		{3F00AAFB-FDD6-4F35-ADB4-03D30E161D08}.Debug|Any CPU.ActiveCfg = Debug|Any CPU
		{3F00AAFB-FDD6-4F35-ADB4-03D30E161D08}.Debug|Any CPU.Build.0 = Debug|Any CPU
		{3F00AAFB-FDD6-4F35-ADB4-03D30E161D08}.Release|Any CPU.ActiveCfg = Release|Any CPU
		{3F00AAFB-FDD6-4F35-ADB4-03D30E161D08}.Release|Any CPU.Build.0 = Release|Any CPU
		{DBFA96C3-6B29-4713-ACBA-CA698571D4EB}.Debug|Any CPU.ActiveCfg = Debug|Any CPU
		{DBFA96C3-6B29-4713-ACBA-CA698571D4EB}.Debug|Any CPU.Build.0 = Debug|Any CPU
		{DBFA96C3-6B29-4713-ACBA-CA698571D4EB}.Release|Any CPU.ActiveCfg = Release|Any CPU
		{DBFA96C3-6B29-4713-ACBA-CA698571D4EB}.Release|Any CPU.Build.0 = Release|Any CPU
		{FCB782D1-AA4D-471D-9E1A-309A2FFB5DFD}.Debug|Any CPU.ActiveCfg = Debug|Any CPU
		{FCB782D1-AA4D-471D-9E1A-309A2FFB5DFD}.Debug|Any CPU.Build.0 = Debug|Any CPU
		{FCB782D1-AA4D-471D-9E1A-309A2FFB5DFD}.Release|Any CPU.ActiveCfg = Release|Any CPU
		{FCB782D1-AA4D-471D-9E1A-309A2FFB5DFD}.Release|Any CPU.Build.0 = Release|Any CPU
		{19F80168-64AF-4825-9643-EB28E70BAFAA}.Debug|Any CPU.ActiveCfg = Debug|Any CPU
		{19F80168-64AF-4825-9643-EB28E70BAFAA}.Debug|Any CPU.Build.0 = Debug|Any CPU
		{19F80168-64AF-4825-9643-EB28E70BAFAA}.Release|Any CPU.ActiveCfg = Release|Any CPU
		{19F80168-64AF-4825-9643-EB28E70BAFAA}.Release|Any CPU.Build.0 = Release|Any CPU
		{CF378DC9-3FAC-4C75-A1D8-3121A116FC2E}.Debug|Any CPU.ActiveCfg = Debug|Any CPU
		{CF378DC9-3FAC-4C75-A1D8-3121A116FC2E}.Debug|Any CPU.Build.0 = Debug|Any CPU
		{CF378DC9-3FAC-4C75-A1D8-3121A116FC2E}.Release|Any CPU.ActiveCfg = Release|Any CPU
		{CF378DC9-3FAC-4C75-A1D8-3121A116FC2E}.Release|Any CPU.Build.0 = Release|Any CPU
		{0524B1E6-8831-4034-91DE-1DBC94A12047}.Debug|Any CPU.ActiveCfg = Debug|Any CPU
		{0524B1E6-8831-4034-91DE-1DBC94A12047}.Debug|Any CPU.Build.0 = Debug|Any CPU
		{0524B1E6-8831-4034-91DE-1DBC94A12047}.Release|Any CPU.ActiveCfg = Release|Any CPU
		{0524B1E6-8831-4034-91DE-1DBC94A12047}.Release|Any CPU.Build.0 = Release|Any CPU
		{CDAF17EC-74E2-4B72-85BF-B97E74C6DDF2}.Debug|Any CPU.ActiveCfg = Debug|Any CPU
		{CDAF17EC-74E2-4B72-85BF-B97E74C6DDF2}.Debug|Any CPU.Build.0 = Debug|Any CPU
		{CDAF17EC-74E2-4B72-85BF-B97E74C6DDF2}.Release|Any CPU.ActiveCfg = Release|Any CPU
		{CDAF17EC-74E2-4B72-85BF-B97E74C6DDF2}.Release|Any CPU.Build.0 = Release|Any CPU
		{390B6164-002E-48FA-9286-CCB6C748E0C8}.Debug|Any CPU.ActiveCfg = Debug|Any CPU
		{390B6164-002E-48FA-9286-CCB6C748E0C8}.Debug|Any CPU.Build.0 = Debug|Any CPU
		{390B6164-002E-48FA-9286-CCB6C748E0C8}.Release|Any CPU.ActiveCfg = Release|Any CPU
		{390B6164-002E-48FA-9286-CCB6C748E0C8}.Release|Any CPU.Build.0 = Release|Any CPU
		{E3E49FDE-8C30-4F7B-9569-4CBAB32C798D}.Debug|Any CPU.ActiveCfg = Debug|Any CPU
		{E3E49FDE-8C30-4F7B-9569-4CBAB32C798D}.Debug|Any CPU.Build.0 = Debug|Any CPU
		{E3E49FDE-8C30-4F7B-9569-4CBAB32C798D}.Release|Any CPU.ActiveCfg = Release|Any CPU
		{E3E49FDE-8C30-4F7B-9569-4CBAB32C798D}.Release|Any CPU.Build.0 = Release|Any CPU
		{4DAFE345-0DBC-43ED-B169-3DBF8358D099}.Debug|Any CPU.ActiveCfg = Debug|Any CPU
		{4DAFE345-0DBC-43ED-B169-3DBF8358D099}.Debug|Any CPU.Build.0 = Debug|Any CPU
		{4DAFE345-0DBC-43ED-B169-3DBF8358D099}.Release|Any CPU.ActiveCfg = Release|Any CPU
		{4DAFE345-0DBC-43ED-B169-3DBF8358D099}.Release|Any CPU.Build.0 = Release|Any CPU
		{E8C07B29-0546-494E-822E-8A6A3BBE782F}.Debug|Any CPU.ActiveCfg = Debug|Any CPU
		{E8C07B29-0546-494E-822E-8A6A3BBE782F}.Debug|Any CPU.Build.0 = Debug|Any CPU
		{E8C07B29-0546-494E-822E-8A6A3BBE782F}.Release|Any CPU.ActiveCfg = Release|Any CPU
		{E8C07B29-0546-494E-822E-8A6A3BBE782F}.Release|Any CPU.Build.0 = Release|Any CPU
		{D2CEB54B-B0DC-4761-8AA7-A1DC4836B1C7}.Debug|Any CPU.ActiveCfg = Debug|Any CPU
		{D2CEB54B-B0DC-4761-8AA7-A1DC4836B1C7}.Debug|Any CPU.Build.0 = Debug|Any CPU
		{D2CEB54B-B0DC-4761-8AA7-A1DC4836B1C7}.Release|Any CPU.ActiveCfg = Release|Any CPU
		{D2CEB54B-B0DC-4761-8AA7-A1DC4836B1C7}.Release|Any CPU.Build.0 = Release|Any CPU
		{BDB30490-3A96-4E8A-83A4-BC8DA2F3FEB8}.Debug|Any CPU.ActiveCfg = Debug|Any CPU
		{BDB30490-3A96-4E8A-83A4-BC8DA2F3FEB8}.Debug|Any CPU.Build.0 = Debug|Any CPU
		{BDB30490-3A96-4E8A-83A4-BC8DA2F3FEB8}.Release|Any CPU.ActiveCfg = Release|Any CPU
		{BDB30490-3A96-4E8A-83A4-BC8DA2F3FEB8}.Release|Any CPU.Build.0 = Release|Any CPU
		{9AFBEE42-BF61-413B-BC91-0C62F679DAE6}.Debug|Any CPU.ActiveCfg = Debug|Any CPU
		{9AFBEE42-BF61-413B-BC91-0C62F679DAE6}.Debug|Any CPU.Build.0 = Debug|Any CPU
		{9AFBEE42-BF61-413B-BC91-0C62F679DAE6}.Release|Any CPU.ActiveCfg = Release|Any CPU
		{9AFBEE42-BF61-413B-BC91-0C62F679DAE6}.Release|Any CPU.Build.0 = Release|Any CPU
		{413C2DF3-914C-4BD9-9CB8-FFEC1162FFB5}.Debug|Any CPU.ActiveCfg = Debug|Any CPU
		{413C2DF3-914C-4BD9-9CB8-FFEC1162FFB5}.Debug|Any CPU.Build.0 = Debug|Any CPU
		{413C2DF3-914C-4BD9-9CB8-FFEC1162FFB5}.Release|Any CPU.ActiveCfg = Release|Any CPU
		{413C2DF3-914C-4BD9-9CB8-FFEC1162FFB5}.Release|Any CPU.Build.0 = Release|Any CPU
		{4B407267-CC90-4BDA-85A6-98AD944BE71E}.Debug|Any CPU.ActiveCfg = Debug|Any CPU
		{4B407267-CC90-4BDA-85A6-98AD944BE71E}.Debug|Any CPU.Build.0 = Debug|Any CPU
		{4B407267-CC90-4BDA-85A6-98AD944BE71E}.Release|Any CPU.ActiveCfg = Release|Any CPU
		{4B407267-CC90-4BDA-85A6-98AD944BE71E}.Release|Any CPU.Build.0 = Release|Any CPU
		{2B827B59-1EE3-4C22-A0CC-C25B33B05586}.Debug|Any CPU.ActiveCfg = Debug|Any CPU
		{2B827B59-1EE3-4C22-A0CC-C25B33B05586}.Debug|Any CPU.Build.0 = Debug|Any CPU
		{2B827B59-1EE3-4C22-A0CC-C25B33B05586}.Release|Any CPU.ActiveCfg = Release|Any CPU
		{2B827B59-1EE3-4C22-A0CC-C25B33B05586}.Release|Any CPU.Build.0 = Release|Any CPU
		{82A15D4D-3220-49D3-841D-783F8CB1C7D8}.Debug|Any CPU.ActiveCfg = Debug|Any CPU
		{82A15D4D-3220-49D3-841D-783F8CB1C7D8}.Debug|Any CPU.Build.0 = Debug|Any CPU
		{82A15D4D-3220-49D3-841D-783F8CB1C7D8}.Release|Any CPU.ActiveCfg = Release|Any CPU
		{82A15D4D-3220-49D3-841D-783F8CB1C7D8}.Release|Any CPU.Build.0 = Release|Any CPU
		{B9A7577F-3D6E-45FF-AE68-FC69B5EEDAC7}.Debug|Any CPU.ActiveCfg = Debug|Any CPU
		{B9A7577F-3D6E-45FF-AE68-FC69B5EEDAC7}.Debug|Any CPU.Build.0 = Debug|Any CPU
		{B9A7577F-3D6E-45FF-AE68-FC69B5EEDAC7}.Release|Any CPU.ActiveCfg = Release|Any CPU
		{B9A7577F-3D6E-45FF-AE68-FC69B5EEDAC7}.Release|Any CPU.Build.0 = Release|Any CPU
		{72C594E9-05E1-46BB-AAB2-7D9FDEB12CAD}.Debug|Any CPU.ActiveCfg = Debug|Any CPU
		{72C594E9-05E1-46BB-AAB2-7D9FDEB12CAD}.Debug|Any CPU.Build.0 = Debug|Any CPU
		{72C594E9-05E1-46BB-AAB2-7D9FDEB12CAD}.Release|Any CPU.ActiveCfg = Release|Any CPU
		{72C594E9-05E1-46BB-AAB2-7D9FDEB12CAD}.Release|Any CPU.Build.0 = Release|Any CPU
		{EC226241-9943-4EDC-8382-17A05847E210}.Debug|Any CPU.ActiveCfg = Debug|Any CPU
		{EC226241-9943-4EDC-8382-17A05847E210}.Debug|Any CPU.Build.0 = Debug|Any CPU
		{EC226241-9943-4EDC-8382-17A05847E210}.Release|Any CPU.ActiveCfg = Release|Any CPU
		{EC226241-9943-4EDC-8382-17A05847E210}.Release|Any CPU.Build.0 = Release|Any CPU
		{9D81D98E-95A5-4134-92E4-AC4F59009EC7}.Debug|Any CPU.ActiveCfg = Debug|Any CPU
		{9D81D98E-95A5-4134-92E4-AC4F59009EC7}.Debug|Any CPU.Build.0 = Debug|Any CPU
		{9D81D98E-95A5-4134-92E4-AC4F59009EC7}.Release|Any CPU.ActiveCfg = Release|Any CPU
		{9D81D98E-95A5-4134-92E4-AC4F59009EC7}.Release|Any CPU.Build.0 = Release|Any CPU
	EndGlobalSection
	GlobalSection(SolutionProperties) = preSolution
		HideSolutionNode = FALSE
	EndGlobalSection
	GlobalSection(ExtensibilityGlobals) = postSolution
		SolutionGuid = {E1457896-75F8-476E-A946-EF40FF2E60A1}
	EndGlobalSection
EndGlobal
